
Microsoft Visual Studio Solution File, Format Version 12.00
# Visual Studio 15
Project("{FAE04EC0-301F-11D3-BF4B-00C04F79EFBC}") = "Assembly-CSharp", "Assembly-CSharp.csproj", "{AAE040E7-AB26-777F-B276-2AB25A10CB78}"
EndProject
Global
	GlobalSection(SolutionConfigurationPlatforms) = preSolution
		Debug|Any CPU = Debug|Any CPU
		Release|Any CPU = Release|Any CPU
	EndGlobalSection
	GlobalSection(ProjectConfigurationPlatforms) = postSolution
		{AAE040E7-AB26-777F-B276-2AB25A10CB78}.Debug|Any CPU.ActiveCfg = Debug|Any CPU
		{AAE040E7-AB26-777F-B276-2AB25A10CB78}.Debug|Any CPU.Build.0 = Debug|Any CPU
		{AAE040E7-AB26-777F-B276-2AB25A10CB78}.Release|Any CPU.ActiveCfg = Release|Any CPU
		{AAE040E7-AB26-777F-B276-2AB25A10CB78}.Release|Any CPU.Build.0 = Release|Any CPU
	EndGlobalSection
	GlobalSection(SolutionProperties) = preSolution
		HideSolutionNode = FALSE
	EndGlobalSection
EndGlobal
